{
	"name": "@rbxts/conf",
	"version": "0.0.1",
	"lockfileVersion": 3,
	"requires": true,
	"packages": {
		"": {
			"name": "@rbxts/conf",
			"version": "0.0.1",
			"license": "MIT",
			"devDependencies": {
				"@rbxts/compiler-types": "^1.2.7-types.0",
				"@rbxts/types": "^1.0.551"
			}
		},
		"node_modules/@rbxts/compiler-types": {
			"version": "1.2.7-types.1",
			"resolved": "https://registry.npmjs.org/@rbxts/compiler-types/-/compiler-types-1.2.7-types.1.tgz",
			"integrity": "sha512-zr3QIJDgLN2dyPYSy4QwDRiZDm8BwQeUE8tsglPDgbVLJonaK7+PAqb1hoqZJ3ReQdZUElSKru9yAfI1Z0MOug==",
			"dev": true
		},
		"node_modules/@rbxts/types": {
			"version": "1.0.779",
			"resolved": "https://registry.npmjs.org/@rbxts/types/-/types-1.0.779.tgz",
			"integrity": "sha512-9vWuZ0khGeLtaPhqWxD/8DBwM/EBNbvnfD/Bo8aZMmQ/jog0vOSbES+vkToWAAIDT4zQn4eF7o28MHAx2/IChQ==",
			"dev": true
		}
	}
}
